
Microsoft Visual Studio Solution File, Format Version 12.00
# Visual Studio 15
VisualStudioVersion = 15.0.26228.12
MinimumVisualStudioVersion = 10.0.40219.1
Project("{8BC9CEB8-8B4A-11D0-8D11-00A0C91BC942}") = "Ngrams", "Ngrams\Ngrams.vcxproj", "{7B3CAA4F-1ECF-4F8C-9478-CCF034436E98}"
EndProject
Project("{8BC9CEB8-8B4A-11D0-8D11-00A0C91BC942}") = "P1", "P1\P1.vcxproj", "{31CDAAAE-2D20-4C42-A170-33F74E96E393}"
EndProject
Project("{8BC9CEB8-8B4A-11D0-8D11-00A0C91BC942}") = "P2", "P2\P2.vcxproj", "{B880C36F-05F9-4AB0-8705-D9B7990DB6BD}"
EndProject
Project("{8BC9CEB8-8B4A-11D0-8D11-00A0C91BC942}") = "P3", "P3\P3.vcxproj", "{5B73DD6E-F497-4654-AFA9-E18AFCA31B06}"
EndProject
Project("{8BC9CEB8-8B4A-11D0-8D11-00A0C91BC942}") = "P4", "P4\P4.vcxproj", "{6FC8707F-BB25-45E4-A328-503CFC405D27}"
EndProject
Project("{8BC9CEB8-8B4A-11D0-8D11-00A0C91BC942}") = "P5", "P5\P5.vcxproj", "{F7F8AFD4-6340-447E-89F0-BADD2042BC18}"
EndProject
Project("{8BC9CEB8-8B4A-11D0-8D11-00A0C91BC942}") = "P6", "P6\P6.vcxproj", "{8EBC820A-A027-4F2D-8FE4-315E7FAAFD7D}"
EndProject
Project("{8BC9CEB8-8B4A-11D0-8D11-00A0C91BC942}") = "P7", "P7\P7.vcxproj", "{58602E81-70A6-4F42-BA2C-AEC953934702}"
EndProject
Project("{8BC9CEB8-8B4A-11D0-8D11-00A0C91BC942}") = "P8", "P8\P8.vcxproj", "{8BC36655-C89D-4DF2-B5A4-931D1444C87E}"
EndProject
Global
	GlobalSection(SolutionConfigurationPlatforms) = preSolution
		Debug|Win32 = Debug|Win32
		Debug|x64 = Debug|x64
		Release|Win32 = Release|Win32
		Release|x64 = Release|x64
	EndGlobalSection
	GlobalSection(ProjectConfigurationPlatforms) = postSolution
		{7B3CAA4F-1ECF-4F8C-9478-CCF034436E98}.Debug|Win32.ActiveCfg = Debug|Win32
		{7B3CAA4F-1ECF-4F8C-9478-CCF034436E98}.Debug|Win32.Build.0 = Debug|Win32
		{7B3CAA4F-1ECF-4F8C-9478-CCF034436E98}.Debug|x64.ActiveCfg = Debug|Win32
		{7B3CAA4F-1ECF-4F8C-9478-CCF034436E98}.Release|Win32.ActiveCfg = Release|Win32
		{7B3CAA4F-1ECF-4F8C-9478-CCF034436E98}.Release|Win32.Build.0 = Release|Win32
		{7B3CAA4F-1ECF-4F8C-9478-CCF034436E98}.Release|x64.ActiveCfg = Release|Win32
		{31CDAAAE-2D20-4C42-A170-33F74E96E393}.Debug|Win32.ActiveCfg = Debug|Win32
		{31CDAAAE-2D20-4C42-A170-33F74E96E393}.Debug|Win32.Build.0 = Debug|Win32
		{31CDAAAE-2D20-4C42-A170-33F74E96E393}.Debug|x64.ActiveCfg = Debug|Win32
		{31CDAAAE-2D20-4C42-A170-33F74E96E393}.Release|Win32.ActiveCfg = Release|Win32
		{31CDAAAE-2D20-4C42-A170-33F74E96E393}.Release|Win32.Build.0 = Release|Win32
		{31CDAAAE-2D20-4C42-A170-33F74E96E393}.Release|x64.ActiveCfg = Release|Win32
		{B880C36F-05F9-4AB0-8705-D9B7990DB6BD}.Debug|Win32.ActiveCfg = Debug|Win32
		{B880C36F-05F9-4AB0-8705-D9B7990DB6BD}.Debug|Win32.Build.0 = Debug|Win32
		{B880C36F-05F9-4AB0-8705-D9B7990DB6BD}.Debug|x64.ActiveCfg = Debug|Win32
		{B880C36F-05F9-4AB0-8705-D9B7990DB6BD}.Release|Win32.ActiveCfg = Release|Win32
		{B880C36F-05F9-4AB0-8705-D9B7990DB6BD}.Release|Win32.Build.0 = Release|Win32
		{B880C36F-05F9-4AB0-8705-D9B7990DB6BD}.Release|x64.ActiveCfg = Release|Win32
		{5B73DD6E-F497-4654-AFA9-E18AFCA31B06}.Debug|Win32.ActiveCfg = Debug|Win32
		{5B73DD6E-F497-4654-AFA9-E18AFCA31B06}.Debug|Win32.Build.0 = Debug|Win32
		{5B73DD6E-F497-4654-AFA9-E18AFCA31B06}.Debug|x64.ActiveCfg = Debug|Win32
		{5B73DD6E-F497-4654-AFA9-E18AFCA31B06}.Release|Win32.ActiveCfg = Release|Win32
		{5B73DD6E-F497-4654-AFA9-E18AFCA31B06}.Release|Win32.Build.0 = Release|Win32
		{5B73DD6E-F497-4654-AFA9-E18AFCA31B06}.Release|x64.ActiveCfg = Release|Win32
		{6FC8707F-BB25-45E4-A328-503CFC405D27}.Debug|Win32.ActiveCfg = Debug|Win32
		{6FC8707F-BB25-45E4-A328-503CFC405D27}.Debug|Win32.Build.0 = Debug|Win32
		{6FC8707F-BB25-45E4-A328-503CFC405D27}.Debug|x64.ActiveCfg = Debug|x64
		{6FC8707F-BB25-45E4-A328-503CFC405D27}.Debug|x64.Build.0 = Debug|x64
		{6FC8707F-BB25-45E4-A328-503CFC405D27}.Release|Win32.ActiveCfg = Release|Win32
		{6FC8707F-BB25-45E4-A328-503CFC405D27}.Release|Win32.Build.0 = Release|Win32
		{6FC8707F-BB25-45E4-A328-503CFC405D27}.Release|x64.ActiveCfg = Release|x64
		{6FC8707F-BB25-45E4-A328-503CFC405D27}.Release|x64.Build.0 = Release|x64
		{F7F8AFD4-6340-447E-89F0-BADD2042BC18}.Debug|Win32.ActiveCfg = Debug|Win32
		{F7F8AFD4-6340-447E-89F0-BADD2042BC18}.Debug|Win32.Build.0 = Debug|Win32
		{F7F8AFD4-6340-447E-89F0-BADD2042BC18}.Debug|x64.ActiveCfg = Debug|x64
		{F7F8AFD4-6340-447E-89F0-BADD2042BC18}.Debug|x64.Build.0 = Debug|x64
		{F7F8AFD4-6340-447E-89F0-BADD2042BC18}.Release|Win32.ActiveCfg = Release|Win32
		{F7F8AFD4-6340-447E-89F0-BADD2042BC18}.Release|Win32.Build.0 = Release|Win32
		{F7F8AFD4-6340-447E-89F0-BADD2042BC18}.Release|x64.ActiveCfg = Release|x64
		{F7F8AFD4-6340-447E-89F0-BADD2042BC18}.Release|x64.Build.0 = Release|x64
		{8EBC820A-A027-4F2D-8FE4-315E7FAAFD7D}.Debug|Win32.ActiveCfg = Debug|Win32
		{8EBC820A-A027-4F2D-8FE4-315E7FAAFD7D}.Debug|Win32.Build.0 = Debug|Win32
		{8EBC820A-A027-4F2D-8FE4-315E7FAAFD7D}.Debug|x64.ActiveCfg = Debug|x64
		{8EBC820A-A027-4F2D-8FE4-315E7FAAFD7D}.Debug|x64.Build.0 = Debug|x64
		{8EBC820A-A027-4F2D-8FE4-315E7FAAFD7D}.Release|Win32.ActiveCfg = Release|Win32
		{8EBC820A-A027-4F2D-8FE4-315E7FAAFD7D}.Release|Win32.Build.0 = Release|Win32
		{8EBC820A-A027-4F2D-8FE4-315E7FAAFD7D}.Release|x64.ActiveCfg = Release|x64
		{8EBC820A-A027-4F2D-8FE4-315E7FAAFD7D}.Release|x64.Build.0 = Release|x64
		{58602E81-70A6-4F42-BA2C-AEC953934702}.Debug|Win32.ActiveCfg = Debug|Win32
		{58602E81-70A6-4F42-BA2C-AEC953934702}.Debug|Win32.Build.0 = Debug|Win32
		{58602E81-70A6-4F42-BA2C-AEC953934702}.Debug|x64.ActiveCfg = Debug|x64
		{58602E81-70A6-4F42-BA2C-AEC953934702}.Debug|x64.Build.0 = Debug|x64
		{58602E81-70A6-4F42-BA2C-AEC953934702}.Release|Win32.ActiveCfg = Release|Win32
		{58602E81-70A6-4F42-BA2C-AEC953934702}.Release|Win32.Build.0 = Release|Win32
		{58602E81-70A6-4F42-BA2C-AEC953934702}.Release|x64.ActiveCfg = Release|x64
		{58602E81-70A6-4F42-BA2C-AEC953934702}.Release|x64.Build.0 = Release|x64
		{8BC36655-C89D-4DF2-B5A4-931D1444C87E}.Debug|Win32.ActiveCfg = Debug|Win32
		{8BC36655-C89D-4DF2-B5A4-931D1444C87E}.Debug|Win32.Build.0 = Debug|Win32
		{8BC36655-C89D-4DF2-B5A4-931D1444C87E}.Debug|x64.ActiveCfg = Debug|x64
		{8BC36655-C89D-4DF2-B5A4-931D1444C87E}.Debug|x64.Build.0 = Debug|x64
		{8BC36655-C89D-4DF2-B5A4-931D1444C87E}.Release|Win32.ActiveCfg = Release|Win32
		{8BC36655-C89D-4DF2-B5A4-931D1444C87E}.Release|Win32.Build.0 = Release|Win32
		{8BC36655-C89D-4DF2-B5A4-931D1444C87E}.Release|x64.ActiveCfg = Release|x64
		{8BC36655-C89D-4DF2-B5A4-931D1444C87E}.Release|x64.Build.0 = Release|x64
	EndGlobalSection
	GlobalSection(SolutionProperties) = preSolution
		HideSolutionNode = FALSE
	EndGlobalSection
EndGlobal
